
Microsoft Visual Studio Solution File, Format Version 12.00
# Visual Studio Version 17
VisualStudioVersion = 17.7.34031.279
MinimumVisualStudioVersion = 10.0.40219.1
Project("{FAE04EC0-301F-11D3-BF4B-00C04F79EFBC}") = "Curso-win-forms", "Curso-win-forms.csproj", "{1B1856D9-5A1F-41F8-BA8F-B31B87A5FA94}"
EndProject
Global
	GlobalSection(SolutionConfigurationPlatforms) = preSolution
		Debug|Any CPU = Debug|Any CPU
		Release|Any CPU = Release|Any CPU
	EndGlobalSection
	GlobalSection(ProjectConfigurationPlatforms) = postSolution
		{1B1856D9-5A1F-41F8-BA8F-B31B87A5FA94}.Debug|Any CPU.ActiveCfg = Debug|Any CPU
		{1B1856D9-5A1F-41F8-BA8F-B31B87A5FA94}.Debug|Any CPU.Build.0 = Debug|Any CPU
		{1B1856D9-5A1F-41F8-BA8F-B31B87A5FA94}.Release|Any CPU.ActiveCfg = Release|Any CPU
		{1B1856D9-5A1F-41F8-BA8F-B31B87A5FA94}.Release|Any CPU.Build.0 = Release|Any CPU
	EndGlobalSection
	GlobalSection(SolutionProperties) = preSolution
		HideSolutionNode = FALSE
	EndGlobalSection
	GlobalSection(ExtensibilityGlobals) = postSolution
		SolutionGuid = {899777BD-1BE6-47D9-B4E2-766B0FFB0876}
	EndGlobalSection
EndGlobal
